// !$*UTF8*$!
{
	archiveVersion = 1;
	classes = {
	};
	objectVersion = 56;
	objects = {

/* Begin PBXBuildFile section */
		32B0F2A62BF77800005A13FB /* TLButton.swift in Sources */ = {isa = PBXBuildFile; fileRef = 32B0F2A52BF77800005A13FB /* TLButton.swift */; };
		32B0F2A92BF78E3F005A13FB /* Validations.swift in Sources */ = {isa = PBXBuildFile; fileRef = 32B0F2A82BF78E3F005A13FB /* Validations.swift */; };
		32B0F2AB2BF8DBC3005A13FB /* Extensions.swift in Sources */ = {isa = PBXBuildFile; fileRef = 32B0F2AA2BF8DBC3005A13FB /* Extensions.swift */; };
		32B0F2AE2BF8E482005A13FB /* UserModel.swift in Sources */ = {isa = PBXBuildFile; fileRef = 32B0F2AD2BF8E481005A13FB /* UserModel.swift */; };
		32CE6C042BF4CCD100493694 /* ToDoListApp.swift in Sources */ = {isa = PBXBuildFile; fileRef = 32CE6C032BF4CCD100493694 /* ToDoListApp.swift */; };
		32CE6C062BF4CCD100493694 /* MainView.swift in Sources */ = {isa = PBXBuildFile; fileRef = 32CE6C052BF4CCD100493694 /* MainView.swift */; };
		32CE6C082BF4CCD400493694 /* Assets.xcassets in Resources */ = {isa = PBXBuildFile; fileRef = 32CE6C072BF4CCD400493694 /* Assets.xcassets */; };
		32CE6C0B2BF4CCD400493694 /* Preview Assets.xcassets in Resources */ = {isa = PBXBuildFile; fileRef = 32CE6C0A2BF4CCD400493694 /* Preview Assets.xcassets */; };
		32CE6C132BF4CE5200493694 /* FirebaseAuth in Frameworks */ = {isa = PBXBuildFile; productRef = 32CE6C122BF4CE5200493694 /* FirebaseAuth */; };
		32CE6C152BF4CE5200493694 /* FirebaseFirestore in Frameworks */ = {isa = PBXBuildFile; productRef = 32CE6C142BF4CE5200493694 /* FirebaseFirestore */; };
		32CE6C172BF4CE5200493694 /* FirebaseFirestoreSwift in Frameworks */ = {isa = PBXBuildFile; productRef = 32CE6C162BF4CE5200493694 /* FirebaseFirestoreSwift */; };
		32CE6C192BF4CF6700493694 /* GoogleService-Info.plist in Resources */ = {isa = PBXBuildFile; fileRef = 32CE6C182BF4CF6700493694 /* GoogleService-Info.plist */; };
		32CE6C362BF4D8F900493694 /* ToDoListItemView.swift in Sources */ = {isa = PBXBuildFile; fileRef = 32CE6C352BF4D8F900493694 /* ToDoListItemView.swift */; };
		32CE6C382BF4D93500493694 /* ToDoListItemViewModel.swift in Sources */ = {isa = PBXBuildFile; fileRef = 32CE6C372BF4D93500493694 /* ToDoListItemViewModel.swift */; };
		32CE6C3A2BF4D97D00493694 /* ToDoListItemModel.swift in Sources */ = {isa = PBXBuildFile; fileRef = 32CE6C392BF4D97D00493694 /* ToDoListItemModel.swift */; };
		32CE6C3C2BF4D99000493694 /* AddItemView.swift in Sources */ = {isa = PBXBuildFile; fileRef = 32CE6C3B2BF4D99000493694 /* AddItemView.swift */; };
		32CE6C3E2BF4D9A400493694 /* AddItemViewModel.swift in Sources */ = {isa = PBXBuildFile; fileRef = 32CE6C3D2BF4D9A400493694 /* AddItemViewModel.swift */; };
		32CE6C402BF4D9DD00493694 /* ToDoListView.swift in Sources */ = {isa = PBXBuildFile; fileRef = 32CE6C3F2BF4D9DD00493694 /* ToDoListView.swift */; };
		32CE6C422BF4D9E800493694 /* ToDoListViewModel.swift in Sources */ = {isa = PBXBuildFile; fileRef = 32CE6C412BF4D9E800493694 /* ToDoListViewModel.swift */; };
		32CE6C442BF4D9FC00493694 /* ProfileView.swift in Sources */ = {isa = PBXBuildFile; fileRef = 32CE6C432BF4D9FC00493694 /* ProfileView.swift */; };
		32CE6C462BF4DA0E00493694 /* ProfileViewModel.swift in Sources */ = {isa = PBXBuildFile; fileRef = 32CE6C452BF4DA0E00493694 /* ProfileViewModel.swift */; };
		32CE6C482BF4DA1E00493694 /* MainViewModel.swift in Sources */ = {isa = PBXBuildFile; fileRef = 32CE6C472BF4DA1E00493694 /* MainViewModel.swift */; };
		32CE6C4A2BF4DA2F00493694 /* RegisterView.swift in Sources */ = {isa = PBXBuildFile; fileRef = 32CE6C492BF4DA2F00493694 /* RegisterView.swift */; };
		32CE6C4C2BF4DA8A00493694 /* RegisterViewModel.swift in Sources */ = {isa = PBXBuildFile; fileRef = 32CE6C4B2BF4DA8A00493694 /* RegisterViewModel.swift */; };
		32CE6C4E2BF4DA9A00493694 /* LoginView.swift in Sources */ = {isa = PBXBuildFile; fileRef = 32CE6C4D2BF4DA9A00493694 /* LoginView.swift */; };
		32CE6C502BF4DAA700493694 /* LoginViewModel.swift in Sources */ = {isa = PBXBuildFile; fileRef = 32CE6C4F2BF4DAA700493694 /* LoginViewModel.swift */; };
		32CE6C542BF611E900493694 /* LoginOrRegisterHeaderView.swift in Sources */ = {isa = PBXBuildFile; fileRef = 32CE6C532BF611E900493694 /* LoginOrRegisterHeaderView.swift */; };
		32CE6C572BF63C3B00493694 /* LoginOrRegistrationForm.swift in Sources */ = {isa = PBXBuildFile; fileRef = 32CE6C562BF63C3B00493694 /* LoginOrRegistrationForm.swift */; };
/* End PBXBuildFile section */

/* Begin PBXFileReference section */
		32B0F2A52BF77800005A13FB /* TLButton.swift */ = {isa = PBXFileReference; lastKnownFileType = sourcecode.swift; path = TLButton.swift; sourceTree = "<group>"; };
		32B0F2A82BF78E3F005A13FB /* Validations.swift */ = {isa = PBXFileReference; lastKnownFileType = sourcecode.swift; path = Validations.swift; sourceTree = "<group>"; };
		32B0F2AA2BF8DBC3005A13FB /* Extensions.swift */ = {isa = PBXFileReference; lastKnownFileType = sourcecode.swift; path = Extensions.swift; sourceTree = "<group>"; };
		32B0F2AD2BF8E481005A13FB /* UserModel.swift */ = {isa = PBXFileReference; lastKnownFileType = sourcecode.swift; path = UserModel.swift; sourceTree = "<group>"; };
		32CE6C002BF4CCD100493694 /* ToDoList.app */ = {isa = PBXFileReference; explicitFileType = wrapper.application; includeInIndex = 0; path = ToDoList.app; sourceTree = BUILT_PRODUCTS_DIR; };
		32CE6C032BF4CCD100493694 /* ToDoListApp.swift */ = {isa = PBXFileReference; lastKnownFileType = sourcecode.swift; path = ToDoListApp.swift; sourceTree = "<group>"; };
		32CE6C052BF4CCD100493694 /* MainView.swift */ = {isa = PBXFileReference; lastKnownFileType = sourcecode.swift; path = MainView.swift; sourceTree = "<group>"; };
		32CE6C072BF4CCD400493694 /* Assets.xcassets */ = {isa = PBXFileReference; lastKnownFileType = folder.assetcatalog; path = Assets.xcassets; sourceTree = "<group>"; };
		32CE6C0A2BF4CCD400493694 /* Preview Assets.xcassets */ = {isa = PBXFileReference; lastKnownFileType = folder.assetcatalog; path = "Preview Assets.xcassets"; sourceTree = "<group>"; };
		32CE6C182BF4CF6700493694 /* GoogleService-Info.plist */ = {isa = PBXFileReference; fileEncoding = 4; lastKnownFileType = text.plist.xml; path = "GoogleService-Info.plist"; sourceTree = "<group>"; };
		32CE6C352BF4D8F900493694 /* ToDoListItemView.swift */ = {isa = PBXFileReference; lastKnownFileType = sourcecode.swift; path = ToDoListItemView.swift; sourceTree = "<group>"; };
		32CE6C372BF4D93500493694 /* ToDoListItemViewModel.swift */ = {isa = PBXFileReference; lastKnownFileType = sourcecode.swift; path = ToDoListItemViewModel.swift; sourceTree = "<group>"; };
		32CE6C392BF4D97D00493694 /* ToDoListItemModel.swift */ = {isa = PBXFileReference; lastKnownFileType = sourcecode.swift; path = ToDoListItemModel.swift; sourceTree = "<group>"; };
		32CE6C3B2BF4D99000493694 /* AddItemView.swift */ = {isa = PBXFileReference; lastKnownFileType = sourcecode.swift; path = AddItemView.swift; sourceTree = "<group>"; };
		32CE6C3D2BF4D9A400493694 /* AddItemViewModel.swift */ = {isa = PBXFileReference; lastKnownFileType = sourcecode.swift; path = AddItemViewModel.swift; sourceTree = "<group>"; };
		32CE6C3F2BF4D9DD00493694 /* ToDoListView.swift */ = {isa = PBXFileReference; lastKnownFileType = sourcecode.swift; path = ToDoListView.swift; sourceTree = "<group>"; };
		32CE6C412BF4D9E800493694 /* ToDoListViewModel.swift */ = {isa = PBXFileReference; lastKnownFileType = sourcecode.swift; path = ToDoListViewModel.swift; sourceTree = "<group>"; };
		32CE6C432BF4D9FC00493694 /* ProfileView.swift */ = {isa = PBXFileReference; lastKnownFileType = sourcecode.swift; path = ProfileView.swift; sourceTree = "<group>"; };
		32CE6C452BF4DA0E00493694 /* ProfileViewModel.swift */ = {isa = PBXFileReference; lastKnownFileType = sourcecode.swift; path = ProfileViewModel.swift; sourceTree = "<group>"; };
		32CE6C472BF4DA1E00493694 /* MainViewModel.swift */ = {isa = PBXFileReference; lastKnownFileType = sourcecode.swift; path = MainViewModel.swift; sourceTree = "<group>"; };
		32CE6C492BF4DA2F00493694 /* RegisterView.swift */ = {isa = PBXFileReference; lastKnownFileType = sourcecode.swift; path = RegisterView.swift; sourceTree = "<group>"; };
		32CE6C4B2BF4DA8A00493694 /* RegisterViewModel.swift */ = {isa = PBXFileReference; lastKnownFileType = sourcecode.swift; path = RegisterViewModel.swift; sourceTree = "<group>"; };
		32CE6C4D2BF4DA9A00493694 /* LoginView.swift */ = {isa = PBXFileReference; lastKnownFileType = sourcecode.swift; path = LoginView.swift; sourceTree = "<group>"; };
		32CE6C4F2BF4DAA700493694 /* LoginViewModel.swift */ = {isa = PBXFileReference; lastKnownFileType = sourcecode.swift; path = LoginViewModel.swift; sourceTree = "<group>"; };
		32CE6C532BF611E900493694 /* LoginOrRegisterHeaderView.swift */ = {isa = PBXFileReference; lastKnownFileType = sourcecode.swift; path = LoginOrRegisterHeaderView.swift; sourceTree = "<group>"; };
		32CE6C562BF63C3B00493694 /* LoginOrRegistrationForm.swift */ = {isa = PBXFileReference; lastKnownFileType = sourcecode.swift; path = LoginOrRegistrationForm.swift; sourceTree = "<group>"; };
/* End PBXFileReference section */

/* Begin PBXFrameworksBuildPhase section */
		32CE6BFD2BF4CCD100493694 /* Frameworks */ = {
			isa = PBXFrameworksBuildPhase;
			buildActionMask = 2147483647;
			files = (
				32CE6C132BF4CE5200493694 /* FirebaseAuth in Frameworks */,
				32CE6C152BF4CE5200493694 /* FirebaseFirestore in Frameworks */,
				32CE6C172BF4CE5200493694 /* FirebaseFirestoreSwift in Frameworks */,
			);
			runOnlyForDeploymentPostprocessing = 0;
		};
/* End PBXFrameworksBuildPhase section */

/* Begin PBXGroup section */
		32B0F2A42BF777E4005A13FB /* TLButton */ = {
			isa = PBXGroup;
			children = (
				32B0F2A52BF77800005A13FB /* TLButton.swift */,
			);
			path = TLButton;
			sourceTree = "<group>";
		};
		32B0F2A72BF78E24005A13FB /* Utilities */ = {
			isa = PBXGroup;
			children = (
				32B0F2A82BF78E3F005A13FB /* Validations.swift */,
				32B0F2AA2BF8DBC3005A13FB /* Extensions.swift */,
			);
			path = Utilities;
			sourceTree = "<group>";
		};
		32B0F2AC2BF8E441005A13FB /* Models */ = {
			isa = PBXGroup;
			children = (
				32B0F2AD2BF8E481005A13FB /* UserModel.swift */,
			);
			path = Models;
			sourceTree = "<group>";
		};
		32CE6BF72BF4CCD100493694 = {
			isa = PBXGroup;
			children = (
				32CE6C022BF4CCD100493694 /* ToDoList */,
				32CE6C012BF4CCD100493694 /* Products */,
			);
			sourceTree = "<group>";
		};
		32CE6C012BF4CCD100493694 /* Products */ = {
			isa = PBXGroup;
			children = (
				32CE6C002BF4CCD100493694 /* ToDoList.app */,
			);
			name = Products;
			sourceTree = "<group>";
		};
		32CE6C022BF4CCD100493694 /* ToDoList */ = {
			isa = PBXGroup;
			children = (
				32CE6C1C2BF4D6BA00493694 /* ToDoList */,
				32CE6C1B2BF4D6AF00493694 /* ConfigFiles */,
				32CE6C1A2BF4D68800493694 /* SupportingFiles */,
				32CE6C212BF4D73500493694 /* Resources */,
				32CE6C092BF4CCD400493694 /* Preview Content */,
			);
			path = ToDoList;
			sourceTree = "<group>";
		};
		32CE6C092BF4CCD400493694 /* Preview Content */ = {
			isa = PBXGroup;
			children = (
				32CE6C0A2BF4CCD400493694 /* Preview Assets.xcassets */,
			);
			path = "Preview Content";
			sourceTree = "<group>";
		};
		32CE6C1A2BF4D68800493694 /* SupportingFiles */ = {
			isa = PBXGroup;
			children = (
				32CE6C032BF4CCD100493694 /* ToDoListApp.swift */,
			);
			path = SupportingFiles;
			sourceTree = "<group>";
		};
		32CE6C1B2BF4D6AF00493694 /* ConfigFiles */ = {
			isa = PBXGroup;
			children = (
				32CE6C182BF4CF6700493694 /* GoogleService-Info.plist */,
			);
			path = ConfigFiles;
			sourceTree = "<group>";
		};
		32CE6C1C2BF4D6BA00493694 /* ToDoList */ = {
			isa = PBXGroup;
			children = (
				32B0F2AC2BF8E441005A13FB /* Models */,
				32CE6C202BF4D6E800493694 /* MainView */,
				32CE6C1D2BF4D6C700493694 /* LoginView */,
				32CE6C1F2BF4D6E000493694 /* RegisterView */,
				32CE6C232BF4D81700493694 /* ToDoListView */,
				32CE6C252BF4D83600493694 /* ToDoListItemView */,
				32CE6C242BF4D82000493694 /* AddItemView */,
				32CE6C222BF4D80800493694 /* ProfileView */,
				32CE6C512BF6118900493694 /* CommonView */,
				32B0F2A72BF78E24005A13FB /* Utilities */,
			);
			path = ToDoList;
			sourceTree = "<group>";
		};
		32CE6C1D2BF4D6C700493694 /* LoginView */ = {
			isa = PBXGroup;
			children = (
				32CE6C262BF4D86000493694 /* View */,
				32CE6C272BF4D86900493694 /* ViewModel */,
			);
			path = LoginView;
			sourceTree = "<group>";
		};
		32CE6C1F2BF4D6E000493694 /* RegisterView */ = {
			isa = PBXGroup;
			children = (
				32CE6C282BF4D87300493694 /* View */,
				32CE6C292BF4D87600493694 /* ViewModel */,
			);
			path = RegisterView;
			sourceTree = "<group>";
		};
		32CE6C202BF4D6E800493694 /* MainView */ = {
			isa = PBXGroup;
			children = (
				32CE6C2B2BF4D88200493694 /* View */,
				32CE6C2A2BF4D87C00493694 /* ViewModel */,
			);
			path = MainView;
			sourceTree = "<group>";
		};
		32CE6C212BF4D73500493694 /* Resources */ = {
			isa = PBXGroup;
			children = (
				32CE6C072BF4CCD400493694 /* Assets.xcassets */,
			);
			path = Resources;
			sourceTree = "<group>";
		};
		32CE6C222BF4D80800493694 /* ProfileView */ = {
			isa = PBXGroup;
			children = (
				32CE6C2D2BF4D88A00493694 /* View */,
				32CE6C2C2BF4D88600493694 /* ViewModel */,
			);
			path = ProfileView;
			sourceTree = "<group>";
		};
		32CE6C232BF4D81700493694 /* ToDoListView */ = {
			isa = PBXGroup;
			children = (
				32CE6C2F2BF4D89400493694 /* View */,
				32CE6C2E2BF4D88E00493694 /* ViewModel */,
			);
			path = ToDoListView;
			sourceTree = "<group>";
		};
		32CE6C242BF4D82000493694 /* AddItemView */ = {
			isa = PBXGroup;
			children = (
				32CE6C312BF4D89D00493694 /* View */,
				32CE6C302BF4D89900493694 /* ViewModel */,
			);
			path = AddItemView;
			sourceTree = "<group>";
		};
		32CE6C252BF4D83600493694 /* ToDoListItemView */ = {
			isa = PBXGroup;
			children = (
				32CE6C332BF4D8A800493694 /* View */,
				32CE6C322BF4D8A100493694 /* ViewModel */,
				32CE6C342BF4D8CA00493694 /* Model */,
			);
			path = ToDoListItemView;
			sourceTree = "<group>";
		};
		32CE6C262BF4D86000493694 /* View */ = {
			isa = PBXGroup;
			children = (
				32CE6C4D2BF4DA9A00493694 /* LoginView.swift */,
			);
			path = View;
			sourceTree = "<group>";
		};
		32CE6C272BF4D86900493694 /* ViewModel */ = {
			isa = PBXGroup;
			children = (
				32CE6C4F2BF4DAA700493694 /* LoginViewModel.swift */,
			);
			path = ViewModel;
			sourceTree = "<group>";
		};
		32CE6C282BF4D87300493694 /* View */ = {
			isa = PBXGroup;
			children = (
				32CE6C492BF4DA2F00493694 /* RegisterView.swift */,
			);
			path = View;
			sourceTree = "<group>";
		};
		32CE6C292BF4D87600493694 /* ViewModel */ = {
			isa = PBXGroup;
			children = (
				32CE6C4B2BF4DA8A00493694 /* RegisterViewModel.swift */,
			);
			path = ViewModel;
			sourceTree = "<group>";
		};
		32CE6C2A2BF4D87C00493694 /* ViewModel */ = {
			isa = PBXGroup;
			children = (
				32CE6C472BF4DA1E00493694 /* MainViewModel.swift */,
			);
			path = ViewModel;
			sourceTree = "<group>";
		};
		32CE6C2B2BF4D88200493694 /* View */ = {
			isa = PBXGroup;
			children = (
				32CE6C052BF4CCD100493694 /* MainView.swift */,
			);
			path = View;
			sourceTree = "<group>";
		};
		32CE6C2C2BF4D88600493694 /* ViewModel */ = {
			isa = PBXGroup;
			children = (
				32CE6C452BF4DA0E00493694 /* ProfileViewModel.swift */,
			);
			path = ViewModel;
			sourceTree = "<group>";
		};
		32CE6C2D2BF4D88A00493694 /* View */ = {
			isa = PBXGroup;
			children = (
				32CE6C432BF4D9FC00493694 /* ProfileView.swift */,
			);
			path = View;
			sourceTree = "<group>";
		};
		32CE6C2E2BF4D88E00493694 /* ViewModel */ = {
			isa = PBXGroup;
			children = (
				32CE6C412BF4D9E800493694 /* ToDoListViewModel.swift */,
			);
			path = ViewModel;
			sourceTree = "<group>";
		};
		32CE6C2F2BF4D89400493694 /* View */ = {
			isa = PBXGroup;
			children = (
				32CE6C3F2BF4D9DD00493694 /* ToDoListView.swift */,
			);
			path = View;
			sourceTree = "<group>";
		};
		32CE6C302BF4D89900493694 /* ViewModel */ = {
			isa = PBXGroup;
			children = (
				32CE6C3D2BF4D9A400493694 /* AddItemViewModel.swift */,
			);
			path = ViewModel;
			sourceTree = "<group>";
		};
		32CE6C312BF4D89D00493694 /* View */ = {
			isa = PBXGroup;
			children = (
				32CE6C3B2BF4D99000493694 /* AddItemView.swift */,
			);
			path = View;
			sourceTree = "<group>";
		};
		32CE6C322BF4D8A100493694 /* ViewModel */ = {
			isa = PBXGroup;
			children = (
				32CE6C372BF4D93500493694 /* ToDoListItemViewModel.swift */,
			);
			path = ViewModel;
			sourceTree = "<group>";
		};
		32CE6C332BF4D8A800493694 /* View */ = {
			isa = PBXGroup;
			children = (
				32CE6C352BF4D8F900493694 /* ToDoListItemView.swift */,
			);
			path = View;
			sourceTree = "<group>";
		};
		32CE6C342BF4D8CA00493694 /* Model */ = {
			isa = PBXGroup;
			children = (
				32CE6C392BF4D97D00493694 /* ToDoListItemModel.swift */,
			);
			path = Model;
			sourceTree = "<group>";
		};
		32CE6C512BF6118900493694 /* CommonView */ = {
			isa = PBXGroup;
			children = (
				32B0F2A42BF777E4005A13FB /* TLButton */,
				32CE6C552BF63C1900493694 /* LoginOrRegistrationForm */,
				32CE6C522BF6119E00493694 /* LoginOrRegisterHeaderView */,
			);
			path = CommonView;
			sourceTree = "<group>";
		};
		32CE6C522BF6119E00493694 /* LoginOrRegisterHeaderView */ = {
			isa = PBXGroup;
			children = (
				32CE6C532BF611E900493694 /* LoginOrRegisterHeaderView.swift */,
			);
			path = LoginOrRegisterHeaderView;
			sourceTree = "<group>";
		};
		32CE6C552BF63C1900493694 /* LoginOrRegistrationForm */ = {
			isa = PBXGroup;
			children = (
				32CE6C562BF63C3B00493694 /* LoginOrRegistrationForm.swift */,
			);
			path = LoginOrRegistrationForm;
			sourceTree = "<group>";
		};
/* End PBXGroup section */

/* Begin PBXNativeTarget section */
		32CE6BFF2BF4CCD100493694 /* ToDoList */ = {
			isa = PBXNativeTarget;
			buildConfigurationList = 32CE6C0E2BF4CCD400493694 /* Build configuration list for PBXNativeTarget "ToDoList" */;
			buildPhases = (
				32CE6BFC2BF4CCD100493694 /* Sources */,
				32CE6BFD2BF4CCD100493694 /* Frameworks */,
				32CE6BFE2BF4CCD100493694 /* Resources */,
			);
			buildRules = (
			);
			dependencies = (
			);
			name = ToDoList;
			packageProductDependencies = (
				32CE6C122BF4CE5200493694 /* FirebaseAuth */,
				32CE6C142BF4CE5200493694 /* FirebaseFirestore */,
				32CE6C162BF4CE5200493694 /* FirebaseFirestoreSwift */,
			);
			productName = ToDoList;
			productReference = 32CE6C002BF4CCD100493694 /* ToDoList.app */;
			productType = "com.apple.product-type.application";
		};
/* End PBXNativeTarget section */

/* Begin PBXProject section */
		32CE6BF82BF4CCD100493694 /* Project object */ = {
			isa = PBXProject;
			attributes = {
				BuildIndependentTargetsInParallel = 1;
				LastSwiftUpdateCheck = 1530;
				LastUpgradeCheck = 1530;
				TargetAttributes = {
					32CE6BFF2BF4CCD100493694 = {
						CreatedOnToolsVersion = 15.3;
					};
				};
			};
			buildConfigurationList = 32CE6BFB2BF4CCD100493694 /* Build configuration list for PBXProject "ToDoList" */;
			compatibilityVersion = "Xcode 14.0";
			developmentRegion = en;
			hasScannedForEncodings = 0;
			knownRegions = (
				en,
				Base,
			);
			mainGroup = 32CE6BF72BF4CCD100493694;
			packageReferences = (
				32CE6C112BF4CE5200493694 /* XCRemoteSwiftPackageReference "firebase-ios-sdk" */,
			);
			productRefGroup = 32CE6C012BF4CCD100493694 /* Products */;
			projectDirPath = "";
			projectRoot = "";
			targets = (
				32CE6BFF2BF4CCD100493694 /* ToDoList */,
			);
		};
/* End PBXProject section */

/* Begin PBXResourcesBuildPhase section */
		32CE6BFE2BF4CCD100493694 /* Resources */ = {
			isa = PBXResourcesBuildPhase;
			buildActionMask = 2147483647;
			files = (
				32CE6C0B2BF4CCD400493694 /* Preview Assets.xcassets in Resources */,
				32CE6C082BF4CCD400493694 /* Assets.xcassets in Resources */,
				32CE6C192BF4CF6700493694 /* GoogleService-Info.plist in Resources */,
			);
			runOnlyForDeploymentPostprocessing = 0;
		};
/* End PBXResourcesBuildPhase section */

/* Begin PBXSourcesBuildPhase section */
		32CE6BFC2BF4CCD100493694 /* Sources */ = {
			isa = PBXSourcesBuildPhase;
			buildActionMask = 2147483647;
			files = (
				32CE6C422BF4D9E800493694 /* ToDoListViewModel.swift in Sources */,
				32CE6C3A2BF4D97D00493694 /* ToDoListItemModel.swift in Sources */,
				32CE6C4A2BF4DA2F00493694 /* RegisterView.swift in Sources */,
				32CE6C4E2BF4DA9A00493694 /* LoginView.swift in Sources */,
				32CE6C502BF4DAA700493694 /* LoginViewModel.swift in Sources */,
				32CE6C572BF63C3B00493694 /* LoginOrRegistrationForm.swift in Sources */,
				32CE6C442BF4D9FC00493694 /* ProfileView.swift in Sources */,
				32B0F2A62BF77800005A13FB /* TLButton.swift in Sources */,
				32CE6C3C2BF4D99000493694 /* AddItemView.swift in Sources */,
				32CE6C402BF4D9DD00493694 /* ToDoListView.swift in Sources */,
				32B0F2AE2BF8E482005A13FB /* UserModel.swift in Sources */,
				32CE6C062BF4CCD100493694 /* MainView.swift in Sources */,
				32CE6C362BF4D8F900493694 /* ToDoListItemView.swift in Sources */,
				32CE6C462BF4DA0E00493694 /* ProfileViewModel.swift in Sources */,
				32B0F2AB2BF8DBC3005A13FB /* Extensions.swift in Sources */,
				32CE6C4C2BF4DA8A00493694 /* RegisterViewModel.swift in Sources */,
				32B0F2A92BF78E3F005A13FB /* Validations.swift in Sources */,
				32CE6C3E2BF4D9A400493694 /* AddItemViewModel.swift in Sources */,
				32CE6C042BF4CCD100493694 /* ToDoListApp.swift in Sources */,
				32CE6C382BF4D93500493694 /* ToDoListItemViewModel.swift in Sources */,
				32CE6C482BF4DA1E00493694 /* MainViewModel.swift in Sources */,
				32CE6C542BF611E900493694 /* LoginOrRegisterHeaderView.swift in Sources */,
			);
			runOnlyForDeploymentPostprocessing = 0;
		};
/* End PBXSourcesBuildPhase section */

/* Begin XCBuildConfiguration section */
		32CE6C0C2BF4CCD400493694 /* Debug */ = {
			isa = XCBuildConfiguration;
			buildSettings = {
				ALWAYS_SEARCH_USER_PATHS = NO;
				ASSETCATALOG_COMPILER_GENERATE_SWIFT_ASSET_SYMBOL_EXTENSIONS = YES;
				CLANG_ANALYZER_NONNULL = YES;
				CLANG_ANALYZER_NUMBER_OBJECT_CONVERSION = YES_AGGRESSIVE;
				CLANG_CXX_LANGUAGE_STANDARD = "gnu++20";
				CLANG_ENABLE_MODULES = YES;
				CLANG_ENABLE_OBJC_ARC = YES;
				CLANG_ENABLE_OBJC_WEAK = YES;
				CLANG_WARN_BLOCK_CAPTURE_AUTORELEASING = YES;
				CLANG_WARN_BOOL_CONVERSION = YES;
				CLANG_WARN_COMMA = YES;
				CLANG_WARN_CONSTANT_CONVERSION = YES;
				CLANG_WARN_DEPRECATED_OBJC_IMPLEMENTATIONS = YES;
				CLANG_WARN_DIRECT_OBJC_ISA_USAGE = YES_ERROR;
				CLANG_WARN_DOCUMENTATION_COMMENTS = YES;
				CLANG_WARN_EMPTY_BODY = YES;
				CLANG_WARN_ENUM_CONVERSION = YES;
				CLANG_WARN_INFINITE_RECURSION = YES;
				CLANG_WARN_INT_CONVERSION = YES;
				CLANG_WARN_NON_LITERAL_NULL_CONVERSION = YES;
				CLANG_WARN_OBJC_IMPLICIT_RETAIN_SELF = YES;
				CLANG_WARN_OBJC_LITERAL_CONVERSION = YES;
				CLANG_WARN_OBJC_ROOT_CLASS = YES_ERROR;
				CLANG_WARN_QUOTED_INCLUDE_IN_FRAMEWORK_HEADER = YES;
				CLANG_WARN_RANGE_LOOP_ANALYSIS = YES;
				CLANG_WARN_STRICT_PROTOTYPES = YES;
				CLANG_WARN_SUSPICIOUS_MOVE = YES;
				CLANG_WARN_UNGUARDED_AVAILABILITY = YES_AGGRESSIVE;
				CLANG_WARN_UNREACHABLE_CODE = YES;
				CLANG_WARN__DUPLICATE_METHOD_MATCH = YES;
				COPY_PHASE_STRIP = NO;
				DEBUG_INFORMATION_FORMAT = dwarf;
				ENABLE_STRICT_OBJC_MSGSEND = YES;
				ENABLE_TESTABILITY = YES;
				ENABLE_USER_SCRIPT_SANDBOXING = YES;
				GCC_C_LANGUAGE_STANDARD = gnu17;
				GCC_DYNAMIC_NO_PIC = NO;
				GCC_NO_COMMON_BLOCKS = YES;
				GCC_OPTIMIZATION_LEVEL = 0;
				GCC_PREPROCESSOR_DEFINITIONS = (
					"DEBUG=1",
					"$(inherited)",
				);
				GCC_WARN_64_TO_32_BIT_CONVERSION = YES;
				GCC_WARN_ABOUT_RETURN_TYPE = YES_ERROR;
				GCC_WARN_UNDECLARED_SELECTOR = YES;
				GCC_WARN_UNINITIALIZED_AUTOS = YES_AGGRESSIVE;
				GCC_WARN_UNUSED_FUNCTION = YES;
				GCC_WARN_UNUSED_VARIABLE = YES;
				IPHONEOS_DEPLOYMENT_TARGET = 17.4;
				LOCALIZATION_PREFERS_STRING_CATALOGS = YES;
				MTL_ENABLE_DEBUG_INFO = INCLUDE_SOURCE;
				MTL_FAST_MATH = YES;
				ONLY_ACTIVE_ARCH = YES;
				SDKROOT = iphoneos;
				SWIFT_ACTIVE_COMPILATION_CONDITIONS = "DEBUG $(inherited)";
				SWIFT_OPTIMIZATION_LEVEL = "-Onone";
			};
			name = Debug;
		};
		32CE6C0D2BF4CCD400493694 /* Release */ = {
			isa = XCBuildConfiguration;
			buildSettings = {
				ALWAYS_SEARCH_USER_PATHS = NO;
				ASSETCATALOG_COMPILER_GENERATE_SWIFT_ASSET_SYMBOL_EXTENSIONS = YES;
				CLANG_ANALYZER_NONNULL = YES;
				CLANG_ANALYZER_NUMBER_OBJECT_CONVERSION = YES_AGGRESSIVE;
				CLANG_CXX_LANGUAGE_STANDARD = "gnu++20";
				CLANG_ENABLE_MODULES = YES;
				CLANG_ENABLE_OBJC_ARC = YES;
				CLANG_ENABLE_OBJC_WEAK = YES;
				CLANG_WARN_BLOCK_CAPTURE_AUTORELEASING = YES;
				CLANG_WARN_BOOL_CONVERSION = YES;
				CLANG_WARN_COMMA = YES;
				CLANG_WARN_CONSTANT_CONVERSION = YES;
				CLANG_WARN_DEPRECATED_OBJC_IMPLEMENTATIONS = YES;
				CLANG_WARN_DIRECT_OBJC_ISA_USAGE = YES_ERROR;
				CLANG_WARN_DOCUMENTATION_COMMENTS = YES;
				CLANG_WARN_EMPTY_BODY = YES;
				CLANG_WARN_ENUM_CONVERSION = YES;
				CLANG_WARN_INFINITE_RECURSION = YES;
				CLANG_WARN_INT_CONVERSION = YES;
				CLANG_WARN_NON_LITERAL_NULL_CONVERSION = YES;
				CLANG_WARN_OBJC_IMPLICIT_RETAIN_SELF = YES;
				CLANG_WARN_OBJC_LITERAL_CONVERSION = YES;
				CLANG_WARN_OBJC_ROOT_CLASS = YES_ERROR;
				CLANG_WARN_QUOTED_INCLUDE_IN_FRAMEWORK_HEADER = YES;
				CLANG_WARN_RANGE_LOOP_ANALYSIS = YES;
				CLANG_WARN_STRICT_PROTOTYPES = YES;
				CLANG_WARN_SUSPICIOUS_MOVE = YES;
				CLANG_WARN_UNGUARDED_AVAILABILITY = YES_AGGRESSIVE;
				CLANG_WARN_UNREACHABLE_CODE = YES;
				CLANG_WARN__DUPLICATE_METHOD_MATCH = YES;
				COPY_PHASE_STRIP = NO;
				DEBUG_INFORMATION_FORMAT = "dwarf-with-dsym";
				ENABLE_NS_ASSERTIONS = NO;
				ENABLE_STRICT_OBJC_MSGSEND = YES;
				ENABLE_USER_SCRIPT_SANDBOXING = YES;
				GCC_C_LANGUAGE_STANDARD = gnu17;
				GCC_NO_COMMON_BLOCKS = YES;
				GCC_WARN_64_TO_32_BIT_CONVERSION = YES;
				GCC_WARN_ABOUT_RETURN_TYPE = YES_ERROR;
				GCC_WARN_UNDECLARED_SELECTOR = YES;
				GCC_WARN_UNINITIALIZED_AUTOS = YES_AGGRESSIVE;
				GCC_WARN_UNUSED_FUNCTION = YES;
				GCC_WARN_UNUSED_VARIABLE = YES;
				IPHONEOS_DEPLOYMENT_TARGET = 17.4;
				LOCALIZATION_PREFERS_STRING_CATALOGS = YES;
				MTL_ENABLE_DEBUG_INFO = NO;
				MTL_FAST_MATH = YES;
				SDKROOT = iphoneos;
				SWIFT_COMPILATION_MODE = wholemodule;
				VALIDATE_PRODUCT = YES;
			};
			name = Release;
		};
		32CE6C0F2BF4CCD400493694 /* Debug */ = {
			isa = XCBuildConfiguration;
			buildSettings = {
				ASSETCATALOG_COMPILER_APPICON_NAME = AppIcon;
				ASSETCATALOG_COMPILER_GLOBAL_ACCENT_COLOR_NAME = AccentColor;
				CODE_SIGN_STYLE = Automatic;
				CURRENT_PROJECT_VERSION = 1;
				DEVELOPMENT_ASSET_PATHS = "\"ToDoList/Preview Content\"";
				DEVELOPMENT_TEAM = U5FJ98R2JV;
				ENABLE_PREVIEWS = YES;
				GENERATE_INFOPLIST_FILE = YES;
				INFOPLIST_KEY_CFBundleDisplayName = "To Do List";
				INFOPLIST_KEY_LSApplicationCategoryType = "public.app-category.utilities";
				INFOPLIST_KEY_UIApplicationSceneManifest_Generation = YES;
				INFOPLIST_KEY_UIApplicationSupportsIndirectInputEvents = YES;
				INFOPLIST_KEY_UILaunchScreen_Generation = YES;
				INFOPLIST_KEY_UISupportedInterfaceOrientations = UIInterfaceOrientationPortrait;
				IPHONEOS_DEPLOYMENT_TARGET = 15.0;
				LD_RUNPATH_SEARCH_PATHS = (
					"$(inherited)",
					"@executable_path/Frameworks",
				);
				MARKETING_VERSION = 1.0;
				PRODUCT_BUNDLE_IDENTIFIER = com.st.ToDoList;
				PRODUCT_NAME = "$(TARGET_NAME)";
				SWIFT_EMIT_LOC_STRINGS = YES;
				SWIFT_VERSION = 5.0;
				TARGETED_DEVICE_FAMILY = "1,2";
			};
			name = Debug;
		};
		32CE6C102BF4CCD400493694 /* Release */ = {
			isa = XCBuildConfiguration;
			buildSettings = {
				ASSETCATALOG_COMPILER_APPICON_NAME = AppIcon;
				ASSETCATALOG_COMPILER_GLOBAL_ACCENT_COLOR_NAME = AccentColor;
				CODE_SIGN_STYLE = Automatic;
				CURRENT_PROJECT_VERSION = 1;
				DEVELOPMENT_ASSET_PATHS = "\"ToDoList/Preview Content\"";
				DEVELOPMENT_TEAM = U5FJ98R2JV;
				ENABLE_PREVIEWS = YES;
				GENERATE_INFOPLIST_FILE = YES;
				INFOPLIST_KEY_CFBundleDisplayName = "To Do List";
				INFOPLIST_KEY_LSApplicationCategoryType = "public.app-category.utilities";
				INFOPLIST_KEY_UIApplicationSceneManifest_Generation = YES;
				INFOPLIST_KEY_UIApplicationSupportsIndirectInputEvents = YES;
				INFOPLIST_KEY_UILaunchScreen_Generation = YES;
				INFOPLIST_KEY_UISupportedInterfaceOrientations = UIInterfaceOrientationPortrait;
				IPHONEOS_DEPLOYMENT_TARGET = 15.0;
				LD_RUNPATH_SEARCH_PATHS = (
					"$(inherited)",
					"@executable_path/Frameworks",
				);
				MARKETING_VERSION = 1.0;
				PRODUCT_BUNDLE_IDENTIFIER = com.st.ToDoList;
				PRODUCT_NAME = "$(TARGET_NAME)";
				SWIFT_EMIT_LOC_STRINGS = YES;
				SWIFT_VERSION = 5.0;
				TARGETED_DEVICE_FAMILY = "1,2";
			};
			name = Release;
		};
/* End XCBuildConfiguration section */

/* Begin XCConfigurationList section */
		32CE6BFB2BF4CCD100493694 /* Build configuration list for PBXProject "ToDoList" */ = {
			isa = XCConfigurationList;
			buildConfigurations = (
				32CE6C0C2BF4CCD400493694 /* Debug */,
				32CE6C0D2BF4CCD400493694 /* Release */,
			);
			defaultConfigurationIsVisible = 0;
			defaultConfigurationName = Release;
		};
		32CE6C0E2BF4CCD400493694 /* Build configuration list for PBXNativeTarget "ToDoList" */ = {
			isa = XCConfigurationList;
			buildConfigurations = (
				32CE6C0F2BF4CCD400493694 /* Debug */,
				32CE6C102BF4CCD400493694 /* Release */,
			);
			defaultConfigurationIsVisible = 0;
			defaultConfigurationName = Release;
		};
/* End XCConfigurationList section */

/* Begin XCRemoteSwiftPackageReference section */
		32CE6C112BF4CE5200493694 /* XCRemoteSwiftPackageReference "firebase-ios-sdk" */ = {
			isa = XCRemoteSwiftPackageReference;
			repositoryURL = "https://github.com/firebase/firebase-ios-sdk.git";
			requirement = {
				kind = upToNextMajorVersion;
				minimumVersion = 10.26.0;
			};
		};
/* End XCRemoteSwiftPackageReference section */

/* Begin XCSwiftPackageProductDependency section */
		32CE6C122BF4CE5200493694 /* FirebaseAuth */ = {
			isa = XCSwiftPackageProductDependency;
			package = 32CE6C112BF4CE5200493694 /* XCRemoteSwiftPackageReference "firebase-ios-sdk" */;
			productName = FirebaseAuth;
		};
		32CE6C142BF4CE5200493694 /* FirebaseFirestore */ = {
			isa = XCSwiftPackageProductDependency;
			package = 32CE6C112BF4CE5200493694 /* XCRemoteSwiftPackageReference "firebase-ios-sdk" */;
			productName = FirebaseFirestore;
		};
		32CE6C162BF4CE5200493694 /* FirebaseFirestoreSwift */ = {
			isa = XCSwiftPackageProductDependency;
			package = 32CE6C112BF4CE5200493694 /* XCRemoteSwiftPackageReference "firebase-ios-sdk" */;
			productName = FirebaseFirestoreSwift;
		};
/* End XCSwiftPackageProductDependency section */
	};
	rootObject = 32CE6BF82BF4CCD100493694 /* Project object */;
}
